
Microsoft Visual Studio Solution File, Format Version 12.00
# Visual Studio Version 17
VisualStudioVersion = 17.4.33213.308
MinimumVisualStudioVersion = 10.0.40219.1
Project("{8BC9CEB8-8B4A-11D0-8D11-00A0C91BC942}") = "VC_Ostrich", "VC_Ostrich.vcxproj", "{8580C8F6-8107-46FF-A97A-5A81D8777883}"
EndProject
Project("{8BC9CEB8-8B4A-11D0-8D11-00A0C91BC942}") = "VC_OstrichMPI", "..\VC_OstrichMPI\VC_OstrichMPI.vcxproj", "{4573B01F-AB56-4E1A-967C-B2D7C2626FFD}"
EndProject
Global
	GlobalSection(SolutionConfigurationPlatforms) = preSolution
		Debug|x64 = Debug|x64
		Debug|x86 = Debug|x86
		Release|x64 = Release|x64
		Release|x86 = Release|x86
	EndGlobalSection
	GlobalSection(ProjectConfigurationPlatforms) = postSolution
		{8580C8F6-8107-46FF-A97A-5A81D8777883}.Debug|x64.ActiveCfg = Debug|x64
		{8580C8F6-8107-46FF-A97A-5A81D8777883}.Debug|x64.Build.0 = Debug|x64
		{8580C8F6-8107-46FF-A97A-5A81D8777883}.Debug|x86.ActiveCfg = Debug|Win32
		{8580C8F6-8107-46FF-A97A-5A81D8777883}.Debug|x86.Build.0 = Debug|Win32
		{8580C8F6-8107-46FF-A97A-5A81D8777883}.Release|x64.ActiveCfg = Release|x64
		{8580C8F6-8107-46FF-A97A-5A81D8777883}.Release|x64.Build.0 = Release|x64
		{8580C8F6-8107-46FF-A97A-5A81D8777883}.Release|x86.ActiveCfg = Release|Win32
		{8580C8F6-8107-46FF-A97A-5A81D8777883}.Release|x86.Build.0 = Release|Win32
		{4573B01F-AB56-4E1A-967C-B2D7C2626FFD}.Debug|x64.ActiveCfg = Debug|x64
		{4573B01F-AB56-4E1A-967C-B2D7C2626FFD}.Debug|x64.Build.0 = Debug|x64
		{4573B01F-AB56-4E1A-967C-B2D7C2626FFD}.Debug|x86.ActiveCfg = Debug|Win32
		{4573B01F-AB56-4E1A-967C-B2D7C2626FFD}.Debug|x86.Build.0 = Debug|Win32
		{4573B01F-AB56-4E1A-967C-B2D7C2626FFD}.Release|x64.ActiveCfg = Release|x64
		{4573B01F-AB56-4E1A-967C-B2D7C2626FFD}.Release|x64.Build.0 = Release|x64
		{4573B01F-AB56-4E1A-967C-B2D7C2626FFD}.Release|x86.ActiveCfg = Release|Win32
		{4573B01F-AB56-4E1A-967C-B2D7C2626FFD}.Release|x86.Build.0 = Release|Win32
	EndGlobalSection
	GlobalSection(SolutionProperties) = preSolution
		HideSolutionNode = FALSE
	EndGlobalSection
	GlobalSection(ExtensibilityGlobals) = postSolution
		SolutionGuid = {DF92729E-3F89-4F79-B345-E5157D00FC1F}
	EndGlobalSection
EndGlobal
